
Microsoft Visual Studio Solution File, Format Version 12.00
# Visual Studio Version 16
VisualStudioVersion = 16.0.29609.76
MinimumVisualStudioVersion = 10.0.40219.1
Project("{FAE04EC0-301F-11D3-BF4B-00C04F79EFBC}") = "DataLayer", "DataLayer\DataLayer.csproj", "{DD1279B7-8758-4D96-AA2F-63BB18C12270}"
EndProject
Project("{FAE04EC0-301F-11D3-BF4B-00C04F79EFBC}") = "ServiceLayer", "ServiceLayer\ServiceLayer.csproj", "{585C55B4-5A08-4B6C-A273-A7D9105533FC}"
EndProject
Project("{FAE04EC0-301F-11D3-BF4B-00C04F79EFBC}") = "ServiceLayerTests", "ServiceLayerTests\ServiceLayerTests.csproj", "{AC126039-33AA-4084-B1BB-492DB3B3AA52}"
EndProject
Project("{2150E333-8FDC-42A3-9474-1A3956D46DE8}") = "ViewLayer", "ViewLayer", "{144F9F49-FDE9-4C26-BC33-366A4DA15A4E}"
EndProject
Project("{9A19103F-16F7-4668-BE54-9A1E7A4F7556}") = "ViewData", "ViewData\ViewData.csproj", "{BCA1702D-58D6-4BFC-8ABE-C7641CD3D9DE}"
EndProject
Project("{FAE04EC0-301F-11D3-BF4B-00C04F79EFBC}") = "View", "View\View.csproj", "{213B47C7-48EB-4FE8-B821-0982702DA15C}"
EndProject
Project("{FAE04EC0-301F-11D3-BF4B-00C04F79EFBC}") = "ViewDataTests", "ViewDataTests\ViewDataTests.csproj", "{F8A216B3-F72F-4AE7-88B8-9816E397DFCC}"
EndProject
Global
	GlobalSection(SolutionConfigurationPlatforms) = preSolution
		Debug|Any CPU = Debug|Any CPU
		Release|Any CPU = Release|Any CPU
	EndGlobalSection
	GlobalSection(ProjectConfigurationPlatforms) = postSolution
		{DD1279B7-8758-4D96-AA2F-63BB18C12270}.Debug|Any CPU.ActiveCfg = Debug|Any CPU
		{DD1279B7-8758-4D96-AA2F-63BB18C12270}.Debug|Any CPU.Build.0 = Debug|Any CPU
		{DD1279B7-8758-4D96-AA2F-63BB18C12270}.Release|Any CPU.ActiveCfg = Release|Any CPU
		{DD1279B7-8758-4D96-AA2F-63BB18C12270}.Release|Any CPU.Build.0 = Release|Any CPU
		{585C55B4-5A08-4B6C-A273-A7D9105533FC}.Debug|Any CPU.ActiveCfg = Debug|Any CPU
		{585C55B4-5A08-4B6C-A273-A7D9105533FC}.Debug|Any CPU.Build.0 = Debug|Any CPU
		{585C55B4-5A08-4B6C-A273-A7D9105533FC}.Release|Any CPU.ActiveCfg = Release|Any CPU
		{585C55B4-5A08-4B6C-A273-A7D9105533FC}.Release|Any CPU.Build.0 = Release|Any CPU
		{AC126039-33AA-4084-B1BB-492DB3B3AA52}.Debug|Any CPU.ActiveCfg = Debug|Any CPU
		{AC126039-33AA-4084-B1BB-492DB3B3AA52}.Debug|Any CPU.Build.0 = Debug|Any CPU
		{AC126039-33AA-4084-B1BB-492DB3B3AA52}.Release|Any CPU.ActiveCfg = Release|Any CPU
		{AC126039-33AA-4084-B1BB-492DB3B3AA52}.Release|Any CPU.Build.0 = Release|Any CPU
		{BCA1702D-58D6-4BFC-8ABE-C7641CD3D9DE}.Debug|Any CPU.ActiveCfg = Debug|Any CPU
		{BCA1702D-58D6-4BFC-8ABE-C7641CD3D9DE}.Debug|Any CPU.Build.0 = Debug|Any CPU
		{BCA1702D-58D6-4BFC-8ABE-C7641CD3D9DE}.Release|Any CPU.ActiveCfg = Release|Any CPU
		{BCA1702D-58D6-4BFC-8ABE-C7641CD3D9DE}.Release|Any CPU.Build.0 = Release|Any CPU
		{213B47C7-48EB-4FE8-B821-0982702DA15C}.Debug|Any CPU.ActiveCfg = Debug|Any CPU
		{213B47C7-48EB-4FE8-B821-0982702DA15C}.Debug|Any CPU.Build.0 = Debug|Any CPU
		{213B47C7-48EB-4FE8-B821-0982702DA15C}.Release|Any CPU.ActiveCfg = Release|Any CPU
		{213B47C7-48EB-4FE8-B821-0982702DA15C}.Release|Any CPU.Build.0 = Release|Any CPU
		{F8A216B3-F72F-4AE7-88B8-9816E397DFCC}.Debug|Any CPU.ActiveCfg = Debug|Any CPU
		{F8A216B3-F72F-4AE7-88B8-9816E397DFCC}.Debug|Any CPU.Build.0 = Debug|Any CPU
		{F8A216B3-F72F-4AE7-88B8-9816E397DFCC}.Release|Any CPU.ActiveCfg = Release|Any CPU
		{F8A216B3-F72F-4AE7-88B8-9816E397DFCC}.Release|Any CPU.Build.0 = Release|Any CPU
	EndGlobalSection
	GlobalSection(SolutionProperties) = preSolution
		HideSolutionNode = FALSE
	EndGlobalSection
	GlobalSection(NestedProjects) = preSolution
		{BCA1702D-58D6-4BFC-8ABE-C7641CD3D9DE} = {144F9F49-FDE9-4C26-BC33-366A4DA15A4E}
		{213B47C7-48EB-4FE8-B821-0982702DA15C} = {144F9F49-FDE9-4C26-BC33-366A4DA15A4E}
		{F8A216B3-F72F-4AE7-88B8-9816E397DFCC} = {144F9F49-FDE9-4C26-BC33-366A4DA15A4E}
	EndGlobalSection
	GlobalSection(ExtensibilityGlobals) = postSolution
		SolutionGuid = {7EC51B89-8F73-4373-885C-5DCCACA4BCCB}
	EndGlobalSection
EndGlobal
