
Microsoft Visual Studio Solution File, Format Version 12.00
# Visual Studio Version 16
VisualStudioVersion = 16.0.29609.76
MinimumVisualStudioVersion = 10.0.40219.1
Project("{FAE04EC0-301F-11D3-BF4B-00C04F79EFBC}") = "DataLayer", "DataLayer\DataLayer.csproj", "{DD1279B7-8758-4D96-AA2F-63BB18C12270}"
EndProject
Project("{FAE04EC0-301F-11D3-BF4B-00C04F79EFBC}") = "ServiceLayer", "ServiceLayer\ServiceLayer.csproj", "{585C55B4-5A08-4B6C-A273-A7D9105533FC}"
EndProject
Project("{FAE04EC0-301F-11D3-BF4B-00C04F79EFBC}") = "ServiceLayerTests", "ServiceLayerTests\ServiceLayerTests.csproj", "{AC126039-33AA-4084-B1BB-492DB3B3AA52}"
EndProject
Global
	GlobalSection(SolutionConfigurationPlatforms) = preSolution
		Debug|Any CPU = Debug|Any CPU
		Release|Any CPU = Release|Any CPU
	EndGlobalSection
	GlobalSection(ProjectConfigurationPlatforms) = postSolution
		{DD1279B7-8758-4D96-AA2F-63BB18C12270}.Debug|Any CPU.ActiveCfg = Debug|Any CPU
		{DD1279B7-8758-4D96-AA2F-63BB18C12270}.Debug|Any CPU.Build.0 = Debug|Any CPU
		{DD1279B7-8758-4D96-AA2F-63BB18C12270}.Release|Any CPU.ActiveCfg = Release|Any CPU
		{DD1279B7-8758-4D96-AA2F-63BB18C12270}.Release|Any CPU.Build.0 = Release|Any CPU
		{585C55B4-5A08-4B6C-A273-A7D9105533FC}.Debug|Any CPU.ActiveCfg = Debug|Any CPU
		{585C55B4-5A08-4B6C-A273-A7D9105533FC}.Debug|Any CPU.Build.0 = Debug|Any CPU
		{585C55B4-5A08-4B6C-A273-A7D9105533FC}.Release|Any CPU.ActiveCfg = Release|Any CPU
		{585C55B4-5A08-4B6C-A273-A7D9105533FC}.Release|Any CPU.Build.0 = Release|Any CPU
		{AC126039-33AA-4084-B1BB-492DB3B3AA52}.Debug|Any CPU.ActiveCfg = Debug|Any CPU
		{AC126039-33AA-4084-B1BB-492DB3B3AA52}.Debug|Any CPU.Build.0 = Debug|Any CPU
		{AC126039-33AA-4084-B1BB-492DB3B3AA52}.Release|Any CPU.ActiveCfg = Release|Any CPU
		{AC126039-33AA-4084-B1BB-492DB3B3AA52}.Release|Any CPU.Build.0 = Release|Any CPU
	EndGlobalSection
	GlobalSection(SolutionProperties) = preSolution
		HideSolutionNode = FALSE
	EndGlobalSection
	GlobalSection(ExtensibilityGlobals) = postSolution
		SolutionGuid = {7EC51B89-8F73-4373-885C-5DCCACA4BCCB}
	EndGlobalSection
EndGlobal
